
Microsoft Visual Studio Solution File, Format Version 12.00
# Visual Studio 2013
VisualStudioVersion = 12.0.30501.0
MinimumVisualStudioVersion = 10.0.40219.1
Project("{8BC9CEB8-8B4A-11D0-8D11-00A0C91BC942}") = "326. Power of Three", "326. Power of Three\326. Power of Three.vcxproj", "{6A099B19-A7D6-44BE-9FBE-CA82A1266FAC}"
EndProject
Global
	GlobalSection(SolutionConfigurationPlatforms) = preSolution
		Debug|Win32 = Debug|Win32
		Release|Win32 = Release|Win32
	EndGlobalSection
	GlobalSection(ProjectConfigurationPlatforms) = postSolution
		{6A099B19-A7D6-44BE-9FBE-CA82A1266FAC}.Debug|Win32.ActiveCfg = Debug|Win32
		{6A099B19-A7D6-44BE-9FBE-CA82A1266FAC}.Debug|Win32.Build.0 = Debug|Win32
		{6A099B19-A7D6-44BE-9FBE-CA82A1266FAC}.Release|Win32.ActiveCfg = Release|Win32
		{6A099B19-A7D6-44BE-9FBE-CA82A1266FAC}.Release|Win32.Build.0 = Release|Win32
	EndGlobalSection
	GlobalSection(SolutionProperties) = preSolution
		HideSolutionNode = FALSE
	EndGlobalSection
EndGlobal
